// !$*UTF8*$!
{
	archiveVersion = 1;
	classes = {
	};
	objectVersion = 55;
	objects = {

/* Begin PBXBuildFile section */
		022A71F311ECD7482FE864A8 /* Pods_EmojiTransmitter.framework in Frameworks */ = {isa = PBXBuildFile; fileRef = B7DB4422603EB99CDC07C5AC /* Pods_EmojiTransmitter.framework */; };
		6AF9989A28A0DBDF00FD0DA9 /* AppDelegate.swift in Sources */ = {isa = PBXBuildFile; fileRef = 6AF9989928A0DBDF00FD0DA9 /* AppDelegate.swift */; };
		6AF9989C28A0DBDF00FD0DA9 /* SceneDelegate.swift in Sources */ = {isa = PBXBuildFile; fileRef = 6AF9989B28A0DBDF00FD0DA9 /* SceneDelegate.swift */; };
		6AF9989E28A0DBDF00FD0DA9 /* ViewController.swift in Sources */ = {isa = PBXBuildFile; fileRef = 6AF9989D28A0DBDF00FD0DA9 /* ViewController.swift */; };
		6AF998A128A0DBDF00FD0DA9 /* Main.storyboard in Resources */ = {isa = PBXBuildFile; fileRef = 6AF9989F28A0DBDF00FD0DA9 /* Main.storyboard */; };
		6AF998A328A0DBDF00FD0DA9 /* Assets.xcassets in Resources */ = {isa = PBXBuildFile; fileRef = 6AF998A228A0DBDF00FD0DA9 /* Assets.xcassets */; };
		6AF998A628A0DBDF00FD0DA9 /* LaunchScreen.storyboard in Resources */ = {isa = PBXBuildFile; fileRef = 6AF998A428A0DBDF00FD0DA9 /* LaunchScreen.storyboard */; };
		6AF998AE28A0DC2600FD0DA9 /* CollectionViewController.swift in Sources */ = {isa = PBXBuildFile; fileRef = 6AF998AD28A0DC2600FD0DA9 /* CollectionViewController.swift */; };
		6AF998B028A0DC5400FD0DA9 /* UsernameViewController.swift in Sources */ = {isa = PBXBuildFile; fileRef = 6AF998AF28A0DC5400FD0DA9 /* UsernameViewController.swift */; };
/* End PBXBuildFile section */

/* Begin PBXFileReference section */
		1DE144B427434BE246103CC3 /* Pods-EmojiTransmitter.debug.xcconfig */ = {isa = PBXFileReference; includeInIndex = 1; lastKnownFileType = text.xcconfig; name = "Pods-EmojiTransmitter.debug.xcconfig"; path = "Target Support Files/Pods-EmojiTransmitter/Pods-EmojiTransmitter.debug.xcconfig"; sourceTree = "<group>"; };
		6AF9989628A0DBDF00FD0DA9 /* EmojiTransmitter.app */ = {isa = PBXFileReference; explicitFileType = wrapper.application; includeInIndex = 0; path = EmojiTransmitter.app; sourceTree = BUILT_PRODUCTS_DIR; };
		6AF9989928A0DBDF00FD0DA9 /* AppDelegate.swift */ = {isa = PBXFileReference; lastKnownFileType = sourcecode.swift; path = AppDelegate.swift; sourceTree = "<group>"; };
		6AF9989B28A0DBDF00FD0DA9 /* SceneDelegate.swift */ = {isa = PBXFileReference; lastKnownFileType = sourcecode.swift; path = SceneDelegate.swift; sourceTree = "<group>"; };
		6AF9989D28A0DBDF00FD0DA9 /* ViewController.swift */ = {isa = PBXFileReference; lastKnownFileType = sourcecode.swift; path = ViewController.swift; sourceTree = "<group>"; };
		6AF998A028A0DBDF00FD0DA9 /* Base */ = {isa = PBXFileReference; lastKnownFileType = file.storyboard; name = Base; path = Base.lproj/Main.storyboard; sourceTree = "<group>"; };
		6AF998A228A0DBDF00FD0DA9 /* Assets.xcassets */ = {isa = PBXFileReference; lastKnownFileType = folder.assetcatalog; path = Assets.xcassets; sourceTree = "<group>"; };
		6AF998A528A0DBDF00FD0DA9 /* Base */ = {isa = PBXFileReference; lastKnownFileType = file.storyboard; name = Base; path = Base.lproj/LaunchScreen.storyboard; sourceTree = "<group>"; };
		6AF998A728A0DBDF00FD0DA9 /* Info.plist */ = {isa = PBXFileReference; lastKnownFileType = text.plist.xml; path = Info.plist; sourceTree = "<group>"; };
		6AF998AD28A0DC2600FD0DA9 /* CollectionViewController.swift */ = {isa = PBXFileReference; lastKnownFileType = sourcecode.swift; path = CollectionViewController.swift; sourceTree = "<group>"; };
		6AF998AF28A0DC5400FD0DA9 /* UsernameViewController.swift */ = {isa = PBXFileReference; lastKnownFileType = sourcecode.swift; path = UsernameViewController.swift; sourceTree = "<group>"; };
		6B6EDE4D0BDDE37ACF23C5F1 /* Pods-EmojiTransmitter.release.xcconfig */ = {isa = PBXFileReference; includeInIndex = 1; lastKnownFileType = text.xcconfig; name = "Pods-EmojiTransmitter.release.xcconfig"; path = "Target Support Files/Pods-EmojiTransmitter/Pods-EmojiTransmitter.release.xcconfig"; sourceTree = "<group>"; };
		B7DB4422603EB99CDC07C5AC /* Pods_EmojiTransmitter.framework */ = {isa = PBXFileReference; explicitFileType = wrapper.framework; includeInIndex = 0; path = Pods_EmojiTransmitter.framework; sourceTree = BUILT_PRODUCTS_DIR; };
/* End PBXFileReference section */

/* Begin PBXFrameworksBuildPhase section */
		6AF9989328A0DBDF00FD0DA9 /* Frameworks */ = {
			isa = PBXFrameworksBuildPhase;
			buildActionMask = 2147483647;
			files = (
				022A71F311ECD7482FE864A8 /* Pods_EmojiTransmitter.framework in Frameworks */,
			);
			runOnlyForDeploymentPostprocessing = 0;
		};
/* End PBXFrameworksBuildPhase section */

/* Begin PBXGroup section */
		3FDD0E8A7BDB32E8D8F47DA9 /* Frameworks */ = {
			isa = PBXGroup;
			children = (
				B7DB4422603EB99CDC07C5AC /* Pods_EmojiTransmitter.framework */,
			);
			name = Frameworks;
			sourceTree = "<group>";
		};
		6AF9988D28A0DBDF00FD0DA9 = {
			isa = PBXGroup;
			children = (
				6AF9989828A0DBDF00FD0DA9 /* EmojiTransmitter */,
				6AF9989728A0DBDF00FD0DA9 /* Products */,
				730350EE1FBD7062C67B3FFC /* Pods */,
				3FDD0E8A7BDB32E8D8F47DA9 /* Frameworks */,
			);
			sourceTree = "<group>";
		};
		6AF9989728A0DBDF00FD0DA9 /* Products */ = {
			isa = PBXGroup;
			children = (
				6AF9989628A0DBDF00FD0DA9 /* EmojiTransmitter.app */,
			);
			name = Products;
			sourceTree = "<group>";
		};
		6AF9989828A0DBDF00FD0DA9 /* EmojiTransmitter */ = {
			isa = PBXGroup;
			children = (
				6AF9989928A0DBDF00FD0DA9 /* AppDelegate.swift */,
				6AF9989B28A0DBDF00FD0DA9 /* SceneDelegate.swift */,
				6AF9989D28A0DBDF00FD0DA9 /* ViewController.swift */,
				6AF9989F28A0DBDF00FD0DA9 /* Main.storyboard */,
				6AF998A228A0DBDF00FD0DA9 /* Assets.xcassets */,
				6AF998A428A0DBDF00FD0DA9 /* LaunchScreen.storyboard */,
				6AF998A728A0DBDF00FD0DA9 /* Info.plist */,
				6AF998AD28A0DC2600FD0DA9 /* CollectionViewController.swift */,
				6AF998AF28A0DC5400FD0DA9 /* UsernameViewController.swift */,
			);
			path = EmojiTransmitter;
			sourceTree = "<group>";
		};
		730350EE1FBD7062C67B3FFC /* Pods */ = {
			isa = PBXGroup;
			children = (
				1DE144B427434BE246103CC3 /* Pods-EmojiTransmitter.debug.xcconfig */,
				6B6EDE4D0BDDE37ACF23C5F1 /* Pods-EmojiTransmitter.release.xcconfig */,
			);
			name = Pods;
			path = Pods;
			sourceTree = "<group>";
		};
/* End PBXGroup section */

/* Begin PBXNativeTarget section */
		6AF9989528A0DBDF00FD0DA9 /* EmojiTransmitter */ = {
			isa = PBXNativeTarget;
			buildConfigurationList = 6AF998AA28A0DBE000FD0DA9 /* Build configuration list for PBXNativeTarget "EmojiTransmitter" */;
			buildPhases = (
				FAADBE8702B5ABDB0B00162C /* [CP] Check Pods Manifest.lock */,
				6AF9989228A0DBDF00FD0DA9 /* Sources */,
				6AF9989328A0DBDF00FD0DA9 /* Frameworks */,
				6AF9989428A0DBDF00FD0DA9 /* Resources */,
				6A1B0C75039046DE8C07290F /* [CP] Embed Pods Frameworks */,
			);
			buildRules = (
			);
			dependencies = (
			);
			name = EmojiTransmitter;
			productName = EmojiTransmitter;
			productReference = 6AF9989628A0DBDF00FD0DA9 /* EmojiTransmitter.app */;
			productType = "com.apple.product-type.application";
		};
/* End PBXNativeTarget section */

/* Begin PBXProject section */
		6AF9988E28A0DBDF00FD0DA9 /* Project object */ = {
			isa = PBXProject;
			attributes = {
				BuildIndependentTargetsInParallel = 1;
				LastSwiftUpdateCheck = 1330;
				LastUpgradeCheck = 1330;
				TargetAttributes = {
					6AF9989528A0DBDF00FD0DA9 = {
						CreatedOnToolsVersion = 13.3;
					};
				};
			};
			buildConfigurationList = 6AF9989128A0DBDF00FD0DA9 /* Build configuration list for PBXProject "EmojiTransmitter" */;
			compatibilityVersion = "Xcode 13.0";
			developmentRegion = en;
			hasScannedForEncodings = 0;
			knownRegions = (
				en,
				Base,
			);
			mainGroup = 6AF9988D28A0DBDF00FD0DA9;
			productRefGroup = 6AF9989728A0DBDF00FD0DA9 /* Products */;
			projectDirPath = "";
			projectRoot = "";
			targets = (
				6AF9989528A0DBDF00FD0DA9 /* EmojiTransmitter */,
			);
		};
/* End PBXProject section */

/* Begin PBXResourcesBuildPhase section */
		6AF9989428A0DBDF00FD0DA9 /* Resources */ = {
			isa = PBXResourcesBuildPhase;
			buildActionMask = 2147483647;
			files = (
				6AF998A628A0DBDF00FD0DA9 /* LaunchScreen.storyboard in Resources */,
				6AF998A328A0DBDF00FD0DA9 /* Assets.xcassets in Resources */,
				6AF998A128A0DBDF00FD0DA9 /* Main.storyboard in Resources */,
			);
			runOnlyForDeploymentPostprocessing = 0;
		};
/* End PBXResourcesBuildPhase section */

/* Begin PBXShellScriptBuildPhase section */
		6A1B0C75039046DE8C07290F /* [CP] Embed Pods Frameworks */ = {
			isa = PBXShellScriptBuildPhase;
			buildActionMask = 2147483647;
			files = (
			);
			inputFileListPaths = (
				"${PODS_ROOT}/Target Support Files/Pods-EmojiTransmitter/Pods-EmojiTransmitter-frameworks-${CONFIGURATION}-input-files.xcfilelist",
			);
			name = "[CP] Embed Pods Frameworks";
			outputFileListPaths = (
				"${PODS_ROOT}/Target Support Files/Pods-EmojiTransmitter/Pods-EmojiTransmitter-frameworks-${CONFIGURATION}-output-files.xcfilelist",
			);
			runOnlyForDeploymentPostprocessing = 0;
			shellPath = /bin/sh;
			shellScript = "\"${PODS_ROOT}/Target Support Files/Pods-EmojiTransmitter/Pods-EmojiTransmitter-frameworks.sh\"\n";
			showEnvVarsInLog = 0;
		};
		FAADBE8702B5ABDB0B00162C /* [CP] Check Pods Manifest.lock */ = {
			isa = PBXShellScriptBuildPhase;
			buildActionMask = 2147483647;
			files = (
			);
			inputFileListPaths = (
			);
			inputPaths = (
				"${PODS_PODFILE_DIR_PATH}/Podfile.lock",
				"${PODS_ROOT}/Manifest.lock",
			);
			name = "[CP] Check Pods Manifest.lock";
			outputFileListPaths = (
			);
			outputPaths = (
				"$(DERIVED_FILE_DIR)/Pods-EmojiTransmitter-checkManifestLockResult.txt",
			);
			runOnlyForDeploymentPostprocessing = 0;
			shellPath = /bin/sh;
			shellScript = "diff \"${PODS_PODFILE_DIR_PATH}/Podfile.lock\" \"${PODS_ROOT}/Manifest.lock\" > /dev/null\nif [ $? != 0 ] ; then\n    # print error to STDERR\n    echo \"error: The sandbox is not in sync with the Podfile.lock. Run 'pod install' or update your CocoaPods installation.\" >&2\n    exit 1\nfi\n# This output is used by Xcode 'outputs' to avoid re-running this script phase.\necho \"SUCCESS\" > \"${SCRIPT_OUTPUT_FILE_0}\"\n";
			showEnvVarsInLog = 0;
		};
/* End PBXShellScriptBuildPhase section */

/* Begin PBXSourcesBuildPhase section */
		6AF9989228A0DBDF00FD0DA9 /* Sources */ = {
			isa = PBXSourcesBuildPhase;
			buildActionMask = 2147483647;
			files = (
				6AF998B028A0DC5400FD0DA9 /* UsernameViewController.swift in Sources */,
				6AF998AE28A0DC2600FD0DA9 /* CollectionViewController.swift in Sources */,
				6AF9989E28A0DBDF00FD0DA9 /* ViewController.swift in Sources */,
				6AF9989A28A0DBDF00FD0DA9 /* AppDelegate.swift in Sources */,
				6AF9989C28A0DBDF00FD0DA9 /* SceneDelegate.swift in Sources */,
			);
			runOnlyForDeploymentPostprocessing = 0;
		};
/* End PBXSourcesBuildPhase section */

/* Begin PBXVariantGroup section */
		6AF9989F28A0DBDF00FD0DA9 /* Main.storyboard */ = {
			isa = PBXVariantGroup;
			children = (
				6AF998A028A0DBDF00FD0DA9 /* Base */,
			);
			name = Main.storyboard;
			sourceTree = "<group>";
		};
		6AF998A428A0DBDF00FD0DA9 /* LaunchScreen.storyboard */ = {
			isa = PBXVariantGroup;
			children = (
				6AF998A528A0DBDF00FD0DA9 /* Base */,
			);
			name = LaunchScreen.storyboard;
			sourceTree = "<group>";
		};
/* End PBXVariantGroup section */

/* Begin XCBuildConfiguration section */
		6AF998A828A0DBDF00FD0DA9 /* Debug */ = {
			isa = XCBuildConfiguration;
			buildSettings = {
				ALWAYS_SEARCH_USER_PATHS = NO;
				CLANG_ANALYZER_NONNULL = YES;
				CLANG_ANALYZER_NUMBER_OBJECT_CONVERSION = YES_AGGRESSIVE;
				CLANG_CXX_LANGUAGE_STANDARD = "gnu++17";
				CLANG_ENABLE_MODULES = YES;
				CLANG_ENABLE_OBJC_ARC = YES;
				CLANG_ENABLE_OBJC_WEAK = YES;
				CLANG_WARN_BLOCK_CAPTURE_AUTORELEASING = YES;
				CLANG_WARN_BOOL_CONVERSION = YES;
				CLANG_WARN_COMMA = YES;
				CLANG_WARN_CONSTANT_CONVERSION = YES;
				CLANG_WARN_DEPRECATED_OBJC_IMPLEMENTATIONS = YES;
				CLANG_WARN_DIRECT_OBJC_ISA_USAGE = YES_ERROR;
				CLANG_WARN_DOCUMENTATION_COMMENTS = YES;
				CLANG_WARN_EMPTY_BODY = YES;
				CLANG_WARN_ENUM_CONVERSION = YES;
				CLANG_WARN_INFINITE_RECURSION = YES;
				CLANG_WARN_INT_CONVERSION = YES;
				CLANG_WARN_NON_LITERAL_NULL_CONVERSION = YES;
				CLANG_WARN_OBJC_IMPLICIT_RETAIN_SELF = YES;
				CLANG_WARN_OBJC_LITERAL_CONVERSION = YES;
				CLANG_WARN_OBJC_ROOT_CLASS = YES_ERROR;
				CLANG_WARN_QUOTED_INCLUDE_IN_FRAMEWORK_HEADER = YES;
				CLANG_WARN_RANGE_LOOP_ANALYSIS = YES;
				CLANG_WARN_STRICT_PROTOTYPES = YES;
				CLANG_WARN_SUSPICIOUS_MOVE = YES;
				CLANG_WARN_UNGUARDED_AVAILABILITY = YES_AGGRESSIVE;
				CLANG_WARN_UNREACHABLE_CODE = YES;
				CLANG_WARN__DUPLICATE_METHOD_MATCH = YES;
				COPY_PHASE_STRIP = NO;
				DEBUG_INFORMATION_FORMAT = dwarf;
				ENABLE_STRICT_OBJC_MSGSEND = YES;
				ENABLE_TESTABILITY = YES;
				GCC_C_LANGUAGE_STANDARD = gnu11;
				GCC_DYNAMIC_NO_PIC = NO;
				GCC_NO_COMMON_BLOCKS = YES;
				GCC_OPTIMIZATION_LEVEL = 0;
				GCC_PREPROCESSOR_DEFINITIONS = (
					"DEBUG=1",
					"$(inherited)",
				);
				GCC_WARN_64_TO_32_BIT_CONVERSION = YES;
				GCC_WARN_ABOUT_RETURN_TYPE = YES_ERROR;
				GCC_WARN_UNDECLARED_SELECTOR = YES;
				GCC_WARN_UNINITIALIZED_AUTOS = YES_AGGRESSIVE;
				GCC_WARN_UNUSED_FUNCTION = YES;
				GCC_WARN_UNUSED_VARIABLE = YES;
				IPHONEOS_DEPLOYMENT_TARGET = 15.4;
				MTL_ENABLE_DEBUG_INFO = INCLUDE_SOURCE;
				MTL_FAST_MATH = YES;
				ONLY_ACTIVE_ARCH = YES;
				SDKROOT = iphoneos;
				SWIFT_ACTIVE_COMPILATION_CONDITIONS = DEBUG;
				SWIFT_OPTIMIZATION_LEVEL = "-Onone";
			};
			name = Debug;
		};
		6AF998A928A0DBDF00FD0DA9 /* Release */ = {
			isa = XCBuildConfiguration;
			buildSettings = {
				ALWAYS_SEARCH_USER_PATHS = NO;
				CLANG_ANALYZER_NONNULL = YES;
				CLANG_ANALYZER_NUMBER_OBJECT_CONVERSION = YES_AGGRESSIVE;
				CLANG_CXX_LANGUAGE_STANDARD = "gnu++17";
				CLANG_ENABLE_MODULES = YES;
				CLANG_ENABLE_OBJC_ARC = YES;
				CLANG_ENABLE_OBJC_WEAK = YES;
				CLANG_WARN_BLOCK_CAPTURE_AUTORELEASING = YES;
				CLANG_WARN_BOOL_CONVERSION = YES;
				CLANG_WARN_COMMA = YES;
				CLANG_WARN_CONSTANT_CONVERSION = YES;
				CLANG_WARN_DEPRECATED_OBJC_IMPLEMENTATIONS = YES;
				CLANG_WARN_DIRECT_OBJC_ISA_USAGE = YES_ERROR;
				CLANG_WARN_DOCUMENTATION_COMMENTS = YES;
				CLANG_WARN_EMPTY_BODY = YES;
				CLANG_WARN_ENUM_CONVERSION = YES;
				CLANG_WARN_INFINITE_RECURSION = YES;
				CLANG_WARN_INT_CONVERSION = YES;
				CLANG_WARN_NON_LITERAL_NULL_CONVERSION = YES;
				CLANG_WARN_OBJC_IMPLICIT_RETAIN_SELF = YES;
				CLANG_WARN_OBJC_LITERAL_CONVERSION = YES;
				CLANG_WARN_OBJC_ROOT_CLASS = YES_ERROR;
				CLANG_WARN_QUOTED_INCLUDE_IN_FRAMEWORK_HEADER = YES;
				CLANG_WARN_RANGE_LOOP_ANALYSIS = YES;
				CLANG_WARN_STRICT_PROTOTYPES = YES;
				CLANG_WARN_SUSPICIOUS_MOVE = YES;
				CLANG_WARN_UNGUARDED_AVAILABILITY = YES_AGGRESSIVE;
				CLANG_WARN_UNREACHABLE_CODE = YES;
				CLANG_WARN__DUPLICATE_METHOD_MATCH = YES;
				COPY_PHASE_STRIP = NO;
				DEBUG_INFORMATION_FORMAT = "dwarf-with-dsym";
				ENABLE_NS_ASSERTIONS = NO;
				ENABLE_STRICT_OBJC_MSGSEND = YES;
				GCC_C_LANGUAGE_STANDARD = gnu11;
				GCC_NO_COMMON_BLOCKS = YES;
				GCC_WARN_64_TO_32_BIT_CONVERSION = YES;
				GCC_WARN_ABOUT_RETURN_TYPE = YES_ERROR;
				GCC_WARN_UNDECLARED_SELECTOR = YES;
				GCC_WARN_UNINITIALIZED_AUTOS = YES_AGGRESSIVE;
				GCC_WARN_UNUSED_FUNCTION = YES;
				GCC_WARN_UNUSED_VARIABLE = YES;
				IPHONEOS_DEPLOYMENT_TARGET = 15.4;
				MTL_ENABLE_DEBUG_INFO = NO;
				MTL_FAST_MATH = YES;
				SDKROOT = iphoneos;
				SWIFT_COMPILATION_MODE = wholemodule;
				SWIFT_OPTIMIZATION_LEVEL = "-O";
				VALIDATE_PRODUCT = YES;
			};
			name = Release;
		};
		6AF998AB28A0DBE000FD0DA9 /* Debug */ = {
			isa = XCBuildConfiguration;
			baseConfigurationReference = 1DE144B427434BE246103CC3 /* Pods-EmojiTransmitter.debug.xcconfig */;
			buildSettings = {
				ASSETCATALOG_COMPILER_APPICON_NAME = AppIcon;
				ASSETCATALOG_COMPILER_GLOBAL_ACCENT_COLOR_NAME = AccentColor;
				CODE_SIGN_STYLE = Automatic;
				CURRENT_PROJECT_VERSION = 1;
				DEVELOPMENT_TEAM = 6T9KM482YU;
				GENERATE_INFOPLIST_FILE = YES;
				INFOPLIST_FILE = EmojiTransmitter/Info.plist;
				INFOPLIST_KEY_UIApplicationSupportsIndirectInputEvents = YES;
				INFOPLIST_KEY_UILaunchStoryboardName = LaunchScreen;
				INFOPLIST_KEY_UIMainStoryboardFile = Main;
				INFOPLIST_KEY_UISupportedInterfaceOrientations_iPad = "UIInterfaceOrientationPortrait UIInterfaceOrientationPortraitUpsideDown UIInterfaceOrientationLandscapeLeft UIInterfaceOrientationLandscapeRight";
				INFOPLIST_KEY_UISupportedInterfaceOrientations_iPhone = "UIInterfaceOrientationPortrait UIInterfaceOrientationLandscapeLeft UIInterfaceOrientationLandscapeRight";
				LD_RUNPATH_SEARCH_PATHS = (
					"$(inherited)",
					"@executable_path/Frameworks",
				);
				MARKETING_VERSION = 1.0;
				PRODUCT_BUNDLE_IDENTIFIER = com.mobility.EmojiTransmitter;
				PRODUCT_NAME = "$(TARGET_NAME)";
				SWIFT_EMIT_LOC_STRINGS = YES;
				SWIFT_VERSION = 5.0;
				TARGETED_DEVICE_FAMILY = "1,2";
			};
			name = Debug;
		};
		6AF998AC28A0DBE000FD0DA9 /* Release */ = {
			isa = XCBuildConfiguration;
			baseConfigurationReference = 6B6EDE4D0BDDE37ACF23C5F1 /* Pods-EmojiTransmitter.release.xcconfig */;
			buildSettings = {
				ASSETCATALOG_COMPILER_APPICON_NAME = AppIcon;
				ASSETCATALOG_COMPILER_GLOBAL_ACCENT_COLOR_NAME = AccentColor;
				CODE_SIGN_STYLE = Automatic;
				CURRENT_PROJECT_VERSION = 1;
				DEVELOPMENT_TEAM = 6T9KM482YU;
				GENERATE_INFOPLIST_FILE = YES;
				INFOPLIST_FILE = EmojiTransmitter/Info.plist;
				INFOPLIST_KEY_UIApplicationSupportsIndirectInputEvents = YES;
				INFOPLIST_KEY_UILaunchStoryboardName = LaunchScreen;
				INFOPLIST_KEY_UIMainStoryboardFile = Main;
				INFOPLIST_KEY_UISupportedInterfaceOrientations_iPad = "UIInterfaceOrientationPortrait UIInterfaceOrientationPortraitUpsideDown UIInterfaceOrientationLandscapeLeft UIInterfaceOrientationLandscapeRight";
				INFOPLIST_KEY_UISupportedInterfaceOrientations_iPhone = "UIInterfaceOrientationPortrait UIInterfaceOrientationLandscapeLeft UIInterfaceOrientationLandscapeRight";
				LD_RUNPATH_SEARCH_PATHS = (
					"$(inherited)",
					"@executable_path/Frameworks",
				);
				MARKETING_VERSION = 1.0;
				PRODUCT_BUNDLE_IDENTIFIER = com.mobility.EmojiTransmitter;
				PRODUCT_NAME = "$(TARGET_NAME)";
				SWIFT_EMIT_LOC_STRINGS = YES;
				SWIFT_VERSION = 5.0;
				TARGETED_DEVICE_FAMILY = "1,2";
			};
			name = Release;
		};
/* End XCBuildConfiguration section */

/* Begin XCConfigurationList section */
		6AF9989128A0DBDF00FD0DA9 /* Build configuration list for PBXProject "EmojiTransmitter" */ = {
			isa = XCConfigurationList;
			buildConfigurations = (
				6AF998A828A0DBDF00FD0DA9 /* Debug */,
				6AF998A928A0DBDF00FD0DA9 /* Release */,
			);
			defaultConfigurationIsVisible = 0;
			defaultConfigurationName = Release;
		};
		6AF998AA28A0DBE000FD0DA9 /* Build configuration list for PBXNativeTarget "EmojiTransmitter" */ = {
			isa = XCConfigurationList;
			buildConfigurations = (
				6AF998AB28A0DBE000FD0DA9 /* Debug */,
				6AF998AC28A0DBE000FD0DA9 /* Release */,
			);
			defaultConfigurationIsVisible = 0;
			defaultConfigurationName = Release;
		};
/* End XCConfigurationList section */
	};
	rootObject = 6AF9988E28A0DBDF00FD0DA9 /* Project object */;
}
